
Microsoft Visual Studio Solution File, Format Version 12.00
# Visual Studio Version 17
VisualStudioVersion = 17.4.33122.133
MinimumVisualStudioVersion = 10.0.40219.1
Project("{FAE04EC0-301F-11D3-BF4B-00C04F79EFBC}") = "WebApplication1", "WebApplication1\WebApplication1.csproj", "{5213D64F-3336-4F12-9838-57258F2DAE55}"
EndProject
Project("{FAE04EC0-301F-11D3-BF4B-00C04F79EFBC}") = "DTOs", "DTOs\DTOs.csproj", "{FCBC0984-8D2C-4FDE-B2BB-5407DBB389DB}"
EndProject
Project("{FAE04EC0-301F-11D3-BF4B-00C04F79EFBC}") = "ClientTest", "ClientTest\ClientTest.csproj", "{5CF12C87-8F90-45AF-9303-8B3E74F20600}"
EndProject
Global
	GlobalSection(SolutionConfigurationPlatforms) = preSolution
		Debug|Any CPU = Debug|Any CPU
		Release|Any CPU = Release|Any CPU
	EndGlobalSection
	GlobalSection(ProjectConfigurationPlatforms) = postSolution
		{5213D64F-3336-4F12-9838-57258F2DAE55}.Debug|Any CPU.ActiveCfg = Debug|Any CPU
		{5213D64F-3336-4F12-9838-57258F2DAE55}.Debug|Any CPU.Build.0 = Debug|Any CPU
		{5213D64F-3336-4F12-9838-57258F2DAE55}.Release|Any CPU.ActiveCfg = Release|Any CPU
		{5213D64F-3336-4F12-9838-57258F2DAE55}.Release|Any CPU.Build.0 = Release|Any CPU
		{FCBC0984-8D2C-4FDE-B2BB-5407DBB389DB}.Debug|Any CPU.ActiveCfg = Debug|Any CPU
		{FCBC0984-8D2C-4FDE-B2BB-5407DBB389DB}.Debug|Any CPU.Build.0 = Debug|Any CPU
		{FCBC0984-8D2C-4FDE-B2BB-5407DBB389DB}.Release|Any CPU.ActiveCfg = Release|Any CPU
		{FCBC0984-8D2C-4FDE-B2BB-5407DBB389DB}.Release|Any CPU.Build.0 = Release|Any CPU
		{5CF12C87-8F90-45AF-9303-8B3E74F20600}.Debug|Any CPU.ActiveCfg = Debug|Any CPU
		{5CF12C87-8F90-45AF-9303-8B3E74F20600}.Debug|Any CPU.Build.0 = Debug|Any CPU
		{5CF12C87-8F90-45AF-9303-8B3E74F20600}.Release|Any CPU.ActiveCfg = Release|Any CPU
		{5CF12C87-8F90-45AF-9303-8B3E74F20600}.Release|Any CPU.Build.0 = Release|Any CPU
	EndGlobalSection
	GlobalSection(SolutionProperties) = preSolution
		HideSolutionNode = FALSE
	EndGlobalSection
	GlobalSection(ExtensibilityGlobals) = postSolution
		SolutionGuid = {BFA9522F-ECA5-4690-B47B-A71785F6874A}
	EndGlobalSection
EndGlobal
